
Microsoft Visual Studio Solution File, Format Version 12.00
# Visual Studio 15
VisualStudioVersion = 15.0.28307.1321
MinimumVisualStudioVersion = 10.0.40219.1
Project("{FAE04EC0-301F-11D3-BF4B-00C04F79EFBC}") = "THCK", "THCK\THCK.csproj", "{89C7AEEC-4600-465B-B19B-43CE909719DF}"
EndProject
Global
	GlobalSection(SolutionConfigurationPlatforms) = preSolution
		Debug|Any CPU = Debug|Any CPU
		Release|Any CPU = Release|Any CPU
	EndGlobalSection
	GlobalSection(ProjectConfigurationPlatforms) = postSolution
		{89C7AEEC-4600-465B-B19B-43CE909719DF}.Debug|Any CPU.ActiveCfg = Debug|Any CPU
		{89C7AEEC-4600-465B-B19B-43CE909719DF}.Debug|Any CPU.Build.0 = Debug|Any CPU
		{89C7AEEC-4600-465B-B19B-43CE909719DF}.Release|Any CPU.ActiveCfg = Release|Any CPU
		{89C7AEEC-4600-465B-B19B-43CE909719DF}.Release|Any CPU.Build.0 = Release|Any CPU
	EndGlobalSection
	GlobalSection(SolutionProperties) = preSolution
		HideSolutionNode = FALSE
	EndGlobalSection
	GlobalSection(ExtensibilityGlobals) = postSolution
		SolutionGuid = {472186A2-8DB2-4036-9FF1-C3EFE5C99C73}
	EndGlobalSection
EndGlobal
